// !$*UTF8*$!
{
	archiveVersion = 1;
	classes = {
	};
	objectVersion = 50;
	objects = {

/* Begin PBXBuildFile section */
		94838CEA25A5F10200C5751D /* SUI2_APP_FRUITSApp.swift in Sources */ = {isa = PBXBuildFile; fileRef = 94838CE925A5F10200C5751D /* SUI2_APP_FRUITSApp.swift */; };
		94838CEC25A5F10200C5751D /* ContentView.swift in Sources */ = {isa = PBXBuildFile; fileRef = 94838CEB25A5F10200C5751D /* ContentView.swift */; };
		94838CEE25A5F10400C5751D /* Assets.xcassets in Resources */ = {isa = PBXBuildFile; fileRef = 94838CED25A5F10400C5751D /* Assets.xcassets */; };
		94838CF125A5F10400C5751D /* Preview Assets.xcassets in Resources */ = {isa = PBXBuildFile; fileRef = 94838CF025A5F10400C5751D /* Preview Assets.xcassets */; };
		94880C6625A5F87200C10BD4 /* FruitCardView.swift in Sources */ = {isa = PBXBuildFile; fileRef = 94880C6525A5F87200C10BD4 /* FruitCardView.swift */; };
		94880C6A25A5FE8C00C10BD4 /* StartButtonView.swift in Sources */ = {isa = PBXBuildFile; fileRef = 94880C6925A5FE8C00C10BD4 /* StartButtonView.swift */; };
		94880C6D25A603BC00C10BD4 /* OnboardingView.swift in Sources */ = {isa = PBXBuildFile; fileRef = 94880C6C25A603BC00C10BD4 /* OnboardingView.swift */; };
		94880C7125A6073400C10BD4 /* FruitModel.swift in Sources */ = {isa = PBXBuildFile; fileRef = 94880C7025A6073400C10BD4 /* FruitModel.swift */; };
		94880C7525A6083600C10BD4 /* FruitData.swift in Sources */ = {isa = PBXBuildFile; fileRef = 94880C7425A6083600C10BD4 /* FruitData.swift */; };
		94880C7925A614B900C10BD4 /* FruitRowView.swift in Sources */ = {isa = PBXBuildFile; fileRef = 94880C7825A614B900C10BD4 /* FruitRowView.swift */; };
		94880C7C25A61DA700C10BD4 /* FruitDetailView.swift in Sources */ = {isa = PBXBuildFile; fileRef = 94880C7B25A61DA700C10BD4 /* FruitDetailView.swift */; };
		94880C7F25A6232500C10BD4 /* FruitHeader.swift in Sources */ = {isa = PBXBuildFile; fileRef = 94880C7E25A6232500C10BD4 /* FruitHeader.swift */; };
		94880C8225A62A1700C10BD4 /* SourceLinkView.swift in Sources */ = {isa = PBXBuildFile; fileRef = 94880C8125A62A1700C10BD4 /* SourceLinkView.swift */; };
		94880C8525A69AF100C10BD4 /* FruitNutrientView.swift in Sources */ = {isa = PBXBuildFile; fileRef = 94880C8425A69AF100C10BD4 /* FruitNutrientView.swift */; };
		94880C8825A6A1B300C10BD4 /* SettingsView.swift in Sources */ = {isa = PBXBuildFile; fileRef = 94880C8725A6A1B300C10BD4 /* SettingsView.swift */; };
		94880C8B25A7665D00C10BD4 /* SettingsLabelView.swift in Sources */ = {isa = PBXBuildFile; fileRef = 94880C8A25A7665D00C10BD4 /* SettingsLabelView.swift */; };
		94880C8E25A76A5F00C10BD4 /* SettingsRowView.swift in Sources */ = {isa = PBXBuildFile; fileRef = 94880C8D25A76A5F00C10BD4 /* SettingsRowView.swift */; };
/* End PBXBuildFile section */

/* Begin PBXFileReference section */
		94838CE625A5F10200C5751D /* SUI2-APP-FRUITS.app */ = {isa = PBXFileReference; explicitFileType = wrapper.application; includeInIndex = 0; path = "SUI2-APP-FRUITS.app"; sourceTree = BUILT_PRODUCTS_DIR; };
		94838CE925A5F10200C5751D /* SUI2_APP_FRUITSApp.swift */ = {isa = PBXFileReference; lastKnownFileType = sourcecode.swift; path = SUI2_APP_FRUITSApp.swift; sourceTree = "<group>"; };
		94838CEB25A5F10200C5751D /* ContentView.swift */ = {isa = PBXFileReference; lastKnownFileType = sourcecode.swift; path = ContentView.swift; sourceTree = "<group>"; };
		94838CED25A5F10400C5751D /* Assets.xcassets */ = {isa = PBXFileReference; lastKnownFileType = folder.assetcatalog; path = Assets.xcassets; sourceTree = "<group>"; };
		94838CF025A5F10400C5751D /* Preview Assets.xcassets */ = {isa = PBXFileReference; lastKnownFileType = folder.assetcatalog; path = "Preview Assets.xcassets"; sourceTree = "<group>"; };
		94838CF225A5F10400C5751D /* Info.plist */ = {isa = PBXFileReference; lastKnownFileType = text.plist.xml; path = Info.plist; sourceTree = "<group>"; };
		94880C6525A5F87200C10BD4 /* FruitCardView.swift */ = {isa = PBXFileReference; lastKnownFileType = sourcecode.swift; path = FruitCardView.swift; sourceTree = "<group>"; };
		94880C6925A5FE8C00C10BD4 /* StartButtonView.swift */ = {isa = PBXFileReference; lastKnownFileType = sourcecode.swift; path = StartButtonView.swift; sourceTree = "<group>"; };
		94880C6C25A603BC00C10BD4 /* OnboardingView.swift */ = {isa = PBXFileReference; lastKnownFileType = sourcecode.swift; path = OnboardingView.swift; sourceTree = "<group>"; };
		94880C7025A6073400C10BD4 /* FruitModel.swift */ = {isa = PBXFileReference; lastKnownFileType = sourcecode.swift; path = FruitModel.swift; sourceTree = "<group>"; };
		94880C7425A6083600C10BD4 /* FruitData.swift */ = {isa = PBXFileReference; lastKnownFileType = sourcecode.swift; path = FruitData.swift; sourceTree = "<group>"; };
		94880C7825A614B900C10BD4 /* FruitRowView.swift */ = {isa = PBXFileReference; lastKnownFileType = sourcecode.swift; path = FruitRowView.swift; sourceTree = "<group>"; };
		94880C7B25A61DA700C10BD4 /* FruitDetailView.swift */ = {isa = PBXFileReference; lastKnownFileType = sourcecode.swift; path = FruitDetailView.swift; sourceTree = "<group>"; };
		94880C7E25A6232500C10BD4 /* FruitHeader.swift */ = {isa = PBXFileReference; lastKnownFileType = sourcecode.swift; path = FruitHeader.swift; sourceTree = "<group>"; };
		94880C8125A62A1700C10BD4 /* SourceLinkView.swift */ = {isa = PBXFileReference; lastKnownFileType = sourcecode.swift; path = SourceLinkView.swift; sourceTree = "<group>"; };
		94880C8425A69AF100C10BD4 /* FruitNutrientView.swift */ = {isa = PBXFileReference; lastKnownFileType = sourcecode.swift; path = FruitNutrientView.swift; sourceTree = "<group>"; };
		94880C8725A6A1B300C10BD4 /* SettingsView.swift */ = {isa = PBXFileReference; lastKnownFileType = sourcecode.swift; path = SettingsView.swift; sourceTree = "<group>"; };
		94880C8A25A7665D00C10BD4 /* SettingsLabelView.swift */ = {isa = PBXFileReference; lastKnownFileType = sourcecode.swift; path = SettingsLabelView.swift; sourceTree = "<group>"; };
		94880C8D25A76A5F00C10BD4 /* SettingsRowView.swift */ = {isa = PBXFileReference; lastKnownFileType = sourcecode.swift; path = SettingsRowView.swift; sourceTree = "<group>"; };
/* End PBXFileReference section */

/* Begin PBXFrameworksBuildPhase section */
		94838CE325A5F10200C5751D /* Frameworks */ = {
			isa = PBXFrameworksBuildPhase;
			buildActionMask = 2147483647;
			files = (
			);
			runOnlyForDeploymentPostprocessing = 0;
		};
/* End PBXFrameworksBuildPhase section */

/* Begin PBXGroup section */
		94838CDD25A5F10200C5751D = {
			isa = PBXGroup;
			children = (
				94838CE825A5F10200C5751D /* SUI2-APP-FRUITS */,
				94838CE725A5F10200C5751D /* Products */,
			);
			sourceTree = "<group>";
		};
		94838CE725A5F10200C5751D /* Products */ = {
			isa = PBXGroup;
			children = (
				94838CE625A5F10200C5751D /* SUI2-APP-FRUITS.app */,
			);
			name = Products;
			sourceTree = "<group>";
		};
		94838CE825A5F10200C5751D /* SUI2-APP-FRUITS */ = {
			isa = PBXGroup;
			children = (
				94880C7325A6082100C10BD4 /* Data */,
				94880C6F25A6071A00C10BD4 /* Model */,
				94880C6425A5F84B00C10BD4 /* View */,
				94880C6225A5F7F400C10BD4 /* App */,
				94838CED25A5F10400C5751D /* Assets.xcassets */,
				94838CF225A5F10400C5751D /* Info.plist */,
				94838CEF25A5F10400C5751D /* Preview Content */,
			);
			path = "SUI2-APP-FRUITS";
			sourceTree = "<group>";
		};
		94838CEF25A5F10400C5751D /* Preview Content */ = {
			isa = PBXGroup;
			children = (
				94838CF025A5F10400C5751D /* Preview Assets.xcassets */,
			);
			path = "Preview Content";
			sourceTree = "<group>";
		};
		94880C6225A5F7F400C10BD4 /* App */ = {
			isa = PBXGroup;
			children = (
				94838CE925A5F10200C5751D /* SUI2_APP_FRUITSApp.swift */,
				94838CEB25A5F10200C5751D /* ContentView.swift */,
				94880C6C25A603BC00C10BD4 /* OnboardingView.swift */,
				94880C8725A6A1B300C10BD4 /* SettingsView.swift */,
			);
			path = App;
			sourceTree = "<group>";
		};
		94880C6425A5F84B00C10BD4 /* View */ = {
			isa = PBXGroup;
			children = (
				94880C6525A5F87200C10BD4 /* FruitCardView.swift */,
				94880C6925A5FE8C00C10BD4 /* StartButtonView.swift */,
				94880C7825A614B900C10BD4 /* FruitRowView.swift */,
				94880C7B25A61DA700C10BD4 /* FruitDetailView.swift */,
				94880C7E25A6232500C10BD4 /* FruitHeader.swift */,
				94880C8125A62A1700C10BD4 /* SourceLinkView.swift */,
				94880C8425A69AF100C10BD4 /* FruitNutrientView.swift */,
				94880C8A25A7665D00C10BD4 /* SettingsLabelView.swift */,
				94880C8D25A76A5F00C10BD4 /* SettingsRowView.swift */,
			);
			path = View;
			sourceTree = "<group>";
		};
		94880C6F25A6071A00C10BD4 /* Model */ = {
			isa = PBXGroup;
			children = (
				94880C7025A6073400C10BD4 /* FruitModel.swift */,
			);
			path = Model;
			sourceTree = "<group>";
		};
		94880C7325A6082100C10BD4 /* Data */ = {
			isa = PBXGroup;
			children = (
				94880C7425A6083600C10BD4 /* FruitData.swift */,
			);
			path = Data;
			sourceTree = "<group>";
		};
/* End PBXGroup section */

/* Begin PBXNativeTarget section */
		94838CE525A5F10200C5751D /* SUI2-APP-FRUITS */ = {
			isa = PBXNativeTarget;
			buildConfigurationList = 94838CF525A5F10400C5751D /* Build configuration list for PBXNativeTarget "SUI2-APP-FRUITS" */;
			buildPhases = (
				94838CE225A5F10200C5751D /* Sources */,
				94838CE325A5F10200C5751D /* Frameworks */,
				94838CE425A5F10200C5751D /* Resources */,
			);
			buildRules = (
			);
			dependencies = (
			);
			name = "SUI2-APP-FRUITS";
			productName = "SUI2-APP-FRUITS";
			productReference = 94838CE625A5F10200C5751D /* SUI2-APP-FRUITS.app */;
			productType = "com.apple.product-type.application";
		};
/* End PBXNativeTarget section */

/* Begin PBXProject section */
		94838CDE25A5F10200C5751D /* Project object */ = {
			isa = PBXProject;
			attributes = {
				LastSwiftUpdateCheck = 1230;
				LastUpgradeCheck = 1230;
				TargetAttributes = {
					94838CE525A5F10200C5751D = {
						CreatedOnToolsVersion = 12.3;
					};
				};
			};
			buildConfigurationList = 94838CE125A5F10200C5751D /* Build configuration list for PBXProject "SUI2-APP-FRUITS" */;
			compatibilityVersion = "Xcode 9.3";
			developmentRegion = en;
			hasScannedForEncodings = 0;
			knownRegions = (
				en,
				Base,
			);
			mainGroup = 94838CDD25A5F10200C5751D;
			productRefGroup = 94838CE725A5F10200C5751D /* Products */;
			projectDirPath = "";
			projectRoot = "";
			targets = (
				94838CE525A5F10200C5751D /* SUI2-APP-FRUITS */,
			);
		};
/* End PBXProject section */

/* Begin PBXResourcesBuildPhase section */
		94838CE425A5F10200C5751D /* Resources */ = {
			isa = PBXResourcesBuildPhase;
			buildActionMask = 2147483647;
			files = (
				94838CF125A5F10400C5751D /* Preview Assets.xcassets in Resources */,
				94838CEE25A5F10400C5751D /* Assets.xcassets in Resources */,
			);
			runOnlyForDeploymentPostprocessing = 0;
		};
/* End PBXResourcesBuildPhase section */

/* Begin PBXSourcesBuildPhase section */
		94838CE225A5F10200C5751D /* Sources */ = {
			isa = PBXSourcesBuildPhase;
			buildActionMask = 2147483647;
			files = (
				94880C7525A6083600C10BD4 /* FruitData.swift in Sources */,
				94880C8225A62A1700C10BD4 /* SourceLinkView.swift in Sources */,
				94880C8E25A76A5F00C10BD4 /* SettingsRowView.swift in Sources */,
				94880C6625A5F87200C10BD4 /* FruitCardView.swift in Sources */,
				94880C7925A614B900C10BD4 /* FruitRowView.swift in Sources */,
				94880C6A25A5FE8C00C10BD4 /* StartButtonView.swift in Sources */,
				94880C7C25A61DA700C10BD4 /* FruitDetailView.swift in Sources */,
				94838CEC25A5F10200C5751D /* ContentView.swift in Sources */,
				94880C6D25A603BC00C10BD4 /* OnboardingView.swift in Sources */,
				94880C8525A69AF100C10BD4 /* FruitNutrientView.swift in Sources */,
				94880C7125A6073400C10BD4 /* FruitModel.swift in Sources */,
				94880C8B25A7665D00C10BD4 /* SettingsLabelView.swift in Sources */,
				94838CEA25A5F10200C5751D /* SUI2_APP_FRUITSApp.swift in Sources */,
				94880C7F25A6232500C10BD4 /* FruitHeader.swift in Sources */,
				94880C8825A6A1B300C10BD4 /* SettingsView.swift in Sources */,
			);
			runOnlyForDeploymentPostprocessing = 0;
		};
/* End PBXSourcesBuildPhase section */

/* Begin XCBuildConfiguration section */
		94838CF325A5F10400C5751D /* Debug */ = {
			isa = XCBuildConfiguration;
			buildSettings = {
				ALWAYS_SEARCH_USER_PATHS = NO;
				CLANG_ANALYZER_NONNULL = YES;
				CLANG_ANALYZER_NUMBER_OBJECT_CONVERSION = YES_AGGRESSIVE;
				CLANG_CXX_LANGUAGE_STANDARD = "gnu++14";
				CLANG_CXX_LIBRARY = "libc++";
				CLANG_ENABLE_MODULES = YES;
				CLANG_ENABLE_OBJC_ARC = YES;
				CLANG_ENABLE_OBJC_WEAK = YES;
				CLANG_WARN_BLOCK_CAPTURE_AUTORELEASING = YES;
				CLANG_WARN_BOOL_CONVERSION = YES;
				CLANG_WARN_COMMA = YES;
				CLANG_WARN_CONSTANT_CONVERSION = YES;
				CLANG_WARN_DEPRECATED_OBJC_IMPLEMENTATIONS = YES;
				CLANG_WARN_DIRECT_OBJC_ISA_USAGE = YES_ERROR;
				CLANG_WARN_DOCUMENTATION_COMMENTS = YES;
				CLANG_WARN_EMPTY_BODY = YES;
				CLANG_WARN_ENUM_CONVERSION = YES;
				CLANG_WARN_INFINITE_RECURSION = YES;
				CLANG_WARN_INT_CONVERSION = YES;
				CLANG_WARN_NON_LITERAL_NULL_CONVERSION = YES;
				CLANG_WARN_OBJC_IMPLICIT_RETAIN_SELF = YES;
				CLANG_WARN_OBJC_LITERAL_CONVERSION = YES;
				CLANG_WARN_OBJC_ROOT_CLASS = YES_ERROR;
				CLANG_WARN_QUOTED_INCLUDE_IN_FRAMEWORK_HEADER = YES;
				CLANG_WARN_RANGE_LOOP_ANALYSIS = YES;
				CLANG_WARN_STRICT_PROTOTYPES = YES;
				CLANG_WARN_SUSPICIOUS_MOVE = YES;
				CLANG_WARN_UNGUARDED_AVAILABILITY = YES_AGGRESSIVE;
				CLANG_WARN_UNREACHABLE_CODE = YES;
				CLANG_WARN__DUPLICATE_METHOD_MATCH = YES;
				COPY_PHASE_STRIP = NO;
				DEBUG_INFORMATION_FORMAT = dwarf;
				ENABLE_STRICT_OBJC_MSGSEND = YES;
				ENABLE_TESTABILITY = YES;
				GCC_C_LANGUAGE_STANDARD = gnu11;
				GCC_DYNAMIC_NO_PIC = NO;
				GCC_NO_COMMON_BLOCKS = YES;
				GCC_OPTIMIZATION_LEVEL = 0;
				GCC_PREPROCESSOR_DEFINITIONS = (
					"DEBUG=1",
					"$(inherited)",
				);
				GCC_WARN_64_TO_32_BIT_CONVERSION = YES;
				GCC_WARN_ABOUT_RETURN_TYPE = YES_ERROR;
				GCC_WARN_UNDECLARED_SELECTOR = YES;
				GCC_WARN_UNINITIALIZED_AUTOS = YES_AGGRESSIVE;
				GCC_WARN_UNUSED_FUNCTION = YES;
				GCC_WARN_UNUSED_VARIABLE = YES;
				IPHONEOS_DEPLOYMENT_TARGET = 14.3;
				MTL_ENABLE_DEBUG_INFO = INCLUDE_SOURCE;
				MTL_FAST_MATH = YES;
				ONLY_ACTIVE_ARCH = YES;
				SDKROOT = iphoneos;
				SWIFT_ACTIVE_COMPILATION_CONDITIONS = DEBUG;
				SWIFT_OPTIMIZATION_LEVEL = "-Onone";
			};
			name = Debug;
		};
		94838CF425A5F10400C5751D /* Release */ = {
			isa = XCBuildConfiguration;
			buildSettings = {
				ALWAYS_SEARCH_USER_PATHS = NO;
				CLANG_ANALYZER_NONNULL = YES;
				CLANG_ANALYZER_NUMBER_OBJECT_CONVERSION = YES_AGGRESSIVE;
				CLANG_CXX_LANGUAGE_STANDARD = "gnu++14";
				CLANG_CXX_LIBRARY = "libc++";
				CLANG_ENABLE_MODULES = YES;
				CLANG_ENABLE_OBJC_ARC = YES;
				CLANG_ENABLE_OBJC_WEAK = YES;
				CLANG_WARN_BLOCK_CAPTURE_AUTORELEASING = YES;
				CLANG_WARN_BOOL_CONVERSION = YES;
				CLANG_WARN_COMMA = YES;
				CLANG_WARN_CONSTANT_CONVERSION = YES;
				CLANG_WARN_DEPRECATED_OBJC_IMPLEMENTATIONS = YES;
				CLANG_WARN_DIRECT_OBJC_ISA_USAGE = YES_ERROR;
				CLANG_WARN_DOCUMENTATION_COMMENTS = YES;
				CLANG_WARN_EMPTY_BODY = YES;
				CLANG_WARN_ENUM_CONVERSION = YES;
				CLANG_WARN_INFINITE_RECURSION = YES;
				CLANG_WARN_INT_CONVERSION = YES;
				CLANG_WARN_NON_LITERAL_NULL_CONVERSION = YES;
				CLANG_WARN_OBJC_IMPLICIT_RETAIN_SELF = YES;
				CLANG_WARN_OBJC_LITERAL_CONVERSION = YES;
				CLANG_WARN_OBJC_ROOT_CLASS = YES_ERROR;
				CLANG_WARN_QUOTED_INCLUDE_IN_FRAMEWORK_HEADER = YES;
				CLANG_WARN_RANGE_LOOP_ANALYSIS = YES;
				CLANG_WARN_STRICT_PROTOTYPES = YES;
				CLANG_WARN_SUSPICIOUS_MOVE = YES;
				CLANG_WARN_UNGUARDED_AVAILABILITY = YES_AGGRESSIVE;
				CLANG_WARN_UNREACHABLE_CODE = YES;
				CLANG_WARN__DUPLICATE_METHOD_MATCH = YES;
				COPY_PHASE_STRIP = NO;
				DEBUG_INFORMATION_FORMAT = "dwarf-with-dsym";
				ENABLE_NS_ASSERTIONS = NO;
				ENABLE_STRICT_OBJC_MSGSEND = YES;
				GCC_C_LANGUAGE_STANDARD = gnu11;
				GCC_NO_COMMON_BLOCKS = YES;
				GCC_WARN_64_TO_32_BIT_CONVERSION = YES;
				GCC_WARN_ABOUT_RETURN_TYPE = YES_ERROR;
				GCC_WARN_UNDECLARED_SELECTOR = YES;
				GCC_WARN_UNINITIALIZED_AUTOS = YES_AGGRESSIVE;
				GCC_WARN_UNUSED_FUNCTION = YES;
				GCC_WARN_UNUSED_VARIABLE = YES;
				IPHONEOS_DEPLOYMENT_TARGET = 14.3;
				MTL_ENABLE_DEBUG_INFO = NO;
				MTL_FAST_MATH = YES;
				SDKROOT = iphoneos;
				SWIFT_COMPILATION_MODE = wholemodule;
				SWIFT_OPTIMIZATION_LEVEL = "-O";
				VALIDATE_PRODUCT = YES;
			};
			name = Release;
		};
		94838CF625A5F10400C5751D /* Debug */ = {
			isa = XCBuildConfiguration;
			buildSettings = {
				ASSETCATALOG_COMPILER_APPICON_NAME = AppIcon;
				ASSETCATALOG_COMPILER_GLOBAL_ACCENT_COLOR_NAME = AccentColor;
				CODE_SIGN_STYLE = Automatic;
				DEVELOPMENT_ASSET_PATHS = "\"SUI2-APP-FRUITS/Preview Content\"";
				DEVELOPMENT_TEAM = 84DZK4GQVB;
				ENABLE_PREVIEWS = YES;
				INFOPLIST_FILE = "SUI2-APP-FRUITS/Info.plist";
				IPHONEOS_DEPLOYMENT_TARGET = 14.0;
				LD_RUNPATH_SEARCH_PATHS = (
					"$(inherited)",
					"@executable_path/Frameworks",
				);
				PRODUCT_BUNDLE_IDENTIFIER = "com.johnsonmima.SUI2-APP-FRUITS";
				PRODUCT_NAME = "$(TARGET_NAME)";
				SWIFT_VERSION = 5.0;
				TARGETED_DEVICE_FAMILY = "1,2";
			};
			name = Debug;
		};
		94838CF725A5F10400C5751D /* Release */ = {
			isa = XCBuildConfiguration;
			buildSettings = {
				ASSETCATALOG_COMPILER_APPICON_NAME = AppIcon;
				ASSETCATALOG_COMPILER_GLOBAL_ACCENT_COLOR_NAME = AccentColor;
				CODE_SIGN_STYLE = Automatic;
				DEVELOPMENT_ASSET_PATHS = "\"SUI2-APP-FRUITS/Preview Content\"";
				DEVELOPMENT_TEAM = 84DZK4GQVB;
				ENABLE_PREVIEWS = YES;
				INFOPLIST_FILE = "SUI2-APP-FRUITS/Info.plist";
				IPHONEOS_DEPLOYMENT_TARGET = 14.0;
				LD_RUNPATH_SEARCH_PATHS = (
					"$(inherited)",
					"@executable_path/Frameworks",
				);
				PRODUCT_BUNDLE_IDENTIFIER = "com.johnsonmima.SUI2-APP-FRUITS";
				PRODUCT_NAME = "$(TARGET_NAME)";
				SWIFT_VERSION = 5.0;
				TARGETED_DEVICE_FAMILY = "1,2";
			};
			name = Release;
		};
/* End XCBuildConfiguration section */

/* Begin XCConfigurationList section */
		94838CE125A5F10200C5751D /* Build configuration list for PBXProject "SUI2-APP-FRUITS" */ = {
			isa = XCConfigurationList;
			buildConfigurations = (
				94838CF325A5F10400C5751D /* Debug */,
				94838CF425A5F10400C5751D /* Release */,
			);
			defaultConfigurationIsVisible = 0;
			defaultConfigurationName = Release;
		};
		94838CF525A5F10400C5751D /* Build configuration list for PBXNativeTarget "SUI2-APP-FRUITS" */ = {
			isa = XCConfigurationList;
			buildConfigurations = (
				94838CF625A5F10400C5751D /* Debug */,
				94838CF725A5F10400C5751D /* Release */,
			);
			defaultConfigurationIsVisible = 0;
			defaultConfigurationName = Release;
		};
/* End XCConfigurationList section */
	};
	rootObject = 94838CDE25A5F10200C5751D /* Project object */;
}
